// !$*UTF8*$!
{
	archiveVersion = 1;
	classes = {
	};
	objectVersion = 50;
	objects = {

/* Begin PBXBuildFile section */
		5D3AD24C221D5F8E0041A28E /* AppDelegate.swift in Sources */ = {isa = PBXBuildFile; fileRef = 5D3AD24B221D5F8E0041A28E /* AppDelegate.swift */; };
		5D3AD24E221D5F8E0041A28E /* ViewController.swift in Sources */ = {isa = PBXBuildFile; fileRef = 5D3AD24D221D5F8E0041A28E /* ViewController.swift */; };
		5D3AD251221D5F8E0041A28E /* Main.storyboard in Resources */ = {isa = PBXBuildFile; fileRef = 5D3AD24F221D5F8E0041A28E /* Main.storyboard */; };
		5D3AD253221D5F8F0041A28E /* Assets.xcassets in Resources */ = {isa = PBXBuildFile; fileRef = 5D3AD252221D5F8F0041A28E /* Assets.xcassets */; };
		5D3AD256221D5F8F0041A28E /* LaunchScreen.storyboard in Resources */ = {isa = PBXBuildFile; fileRef = 5D3AD254221D5F8F0041A28E /* LaunchScreen.storyboard */; };
		5D3AD261221D5F900041A28E /* calculatorTests.swift in Sources */ = {isa = PBXBuildFile; fileRef = 5D3AD260221D5F900041A28E /* calculatorTests.swift */; };
		5D3AD26C221D5F900041A28E /* calculatorUITests.swift in Sources */ = {isa = PBXBuildFile; fileRef = 5D3AD26B221D5F900041A28E /* calculatorUITests.swift */; };
/* End PBXBuildFile section */

/* Begin PBXContainerItemProxy section */
		5D3AD25D221D5F900041A28E /* PBXContainerItemProxy */ = {
			isa = PBXContainerItemProxy;
			containerPortal = 5D3AD240221D5F8E0041A28E /* Project object */;
			proxyType = 1;
			remoteGlobalIDString = 5D3AD247221D5F8E0041A28E;
			remoteInfo = calculator;
		};
		5D3AD268221D5F900041A28E /* PBXContainerItemProxy */ = {
			isa = PBXContainerItemProxy;
			containerPortal = 5D3AD240221D5F8E0041A28E /* Project object */;
			proxyType = 1;
			remoteGlobalIDString = 5D3AD247221D5F8E0041A28E;
			remoteInfo = calculator;
		};
/* End PBXContainerItemProxy section */

/* Begin PBXFileReference section */
		5D3AD248221D5F8E0041A28E /* calculator.app */ = {isa = PBXFileReference; explicitFileType = wrapper.application; includeInIndex = 0; path = calculator.app; sourceTree = BUILT_PRODUCTS_DIR; };
		5D3AD24B221D5F8E0041A28E /* AppDelegate.swift */ = {isa = PBXFileReference; lastKnownFileType = sourcecode.swift; path = AppDelegate.swift; sourceTree = "<group>"; };
		5D3AD24D221D5F8E0041A28E /* ViewController.swift */ = {isa = PBXFileReference; lastKnownFileType = sourcecode.swift; path = ViewController.swift; sourceTree = "<group>"; };
		5D3AD250221D5F8E0041A28E /* Base */ = {isa = PBXFileReference; lastKnownFileType = file.storyboard; name = Base; path = Base.lproj/Main.storyboard; sourceTree = "<group>"; };
		5D3AD252221D5F8F0041A28E /* Assets.xcassets */ = {isa = PBXFileReference; lastKnownFileType = folder.assetcatalog; path = Assets.xcassets; sourceTree = "<group>"; };
		5D3AD255221D5F8F0041A28E /* Base */ = {isa = PBXFileReference; lastKnownFileType = file.storyboard; name = Base; path = Base.lproj/LaunchScreen.storyboard; sourceTree = "<group>"; };
		5D3AD257221D5F8F0041A28E /* Info.plist */ = {isa = PBXFileReference; lastKnownFileType = text.plist.xml; path = Info.plist; sourceTree = "<group>"; };
		5D3AD25C221D5F900041A28E /* calculatorTests.xctest */ = {isa = PBXFileReference; explicitFileType = wrapper.cfbundle; includeInIndex = 0; path = calculatorTests.xctest; sourceTree = BUILT_PRODUCTS_DIR; };
		5D3AD260221D5F900041A28E /* calculatorTests.swift */ = {isa = PBXFileReference; lastKnownFileType = sourcecode.swift; path = calculatorTests.swift; sourceTree = "<group>"; };
		5D3AD262221D5F900041A28E /* Info.plist */ = {isa = PBXFileReference; lastKnownFileType = text.plist.xml; path = Info.plist; sourceTree = "<group>"; };
		5D3AD267221D5F900041A28E /* calculatorUITests.xctest */ = {isa = PBXFileReference; explicitFileType = wrapper.cfbundle; includeInIndex = 0; path = calculatorUITests.xctest; sourceTree = BUILT_PRODUCTS_DIR; };
		5D3AD26B221D5F900041A28E /* calculatorUITests.swift */ = {isa = PBXFileReference; lastKnownFileType = sourcecode.swift; path = calculatorUITests.swift; sourceTree = "<group>"; };
		5D3AD26D221D5F900041A28E /* Info.plist */ = {isa = PBXFileReference; lastKnownFileType = text.plist.xml; path = Info.plist; sourceTree = "<group>"; };
/* End PBXFileReference section */

/* Begin PBXFrameworksBuildPhase section */
		5D3AD245221D5F8E0041A28E /* Frameworks */ = {
			isa = PBXFrameworksBuildPhase;
			buildActionMask = 2147483647;
			files = (
			);
			runOnlyForDeploymentPostprocessing = 0;
		};
		5D3AD259221D5F900041A28E /* Frameworks */ = {
			isa = PBXFrameworksBuildPhase;
			buildActionMask = 2147483647;
			files = (
			);
			runOnlyForDeploymentPostprocessing = 0;
		};
		5D3AD264221D5F900041A28E /* Frameworks */ = {
			isa = PBXFrameworksBuildPhase;
			buildActionMask = 2147483647;
			files = (
			);
			runOnlyForDeploymentPostprocessing = 0;
		};
/* End PBXFrameworksBuildPhase section */

/* Begin PBXGroup section */
		5D3AD23F221D5F8E0041A28E = {
			isa = PBXGroup;
			children = (
				5D3AD24A221D5F8E0041A28E /* calculator */,
				5D3AD25F221D5F900041A28E /* calculatorTests */,
				5D3AD26A221D5F900041A28E /* calculatorUITests */,
				5D3AD249221D5F8E0041A28E /* Products */,
			);
			sourceTree = "<group>";
		};
		5D3AD249221D5F8E0041A28E /* Products */ = {
			isa = PBXGroup;
			children = (
				5D3AD248221D5F8E0041A28E /* calculator.app */,
				5D3AD25C221D5F900041A28E /* calculatorTests.xctest */,
				5D3AD267221D5F900041A28E /* calculatorUITests.xctest */,
			);
			name = Products;
			sourceTree = "<group>";
		};
		5D3AD24A221D5F8E0041A28E /* calculator */ = {
			isa = PBXGroup;
			children = (
				5D3AD24B221D5F8E0041A28E /* AppDelegate.swift */,
				5D3AD24D221D5F8E0041A28E /* ViewController.swift */,
				5D3AD24F221D5F8E0041A28E /* Main.storyboard */,
				5D3AD252221D5F8F0041A28E /* Assets.xcassets */,
				5D3AD254221D5F8F0041A28E /* LaunchScreen.storyboard */,
				5D3AD257221D5F8F0041A28E /* Info.plist */,
			);
			path = calculator;
			sourceTree = "<group>";
		};
		5D3AD25F221D5F900041A28E /* calculatorTests */ = {
			isa = PBXGroup;
			children = (
				5D3AD260221D5F900041A28E /* calculatorTests.swift */,
				5D3AD262221D5F900041A28E /* Info.plist */,
			);
			path = calculatorTests;
			sourceTree = "<group>";
		};
		5D3AD26A221D5F900041A28E /* calculatorUITests */ = {
			isa = PBXGroup;
			children = (
				5D3AD26B221D5F900041A28E /* calculatorUITests.swift */,
				5D3AD26D221D5F900041A28E /* Info.plist */,
			);
			path = calculatorUITests;
			sourceTree = "<group>";
		};
/* End PBXGroup section */

/* Begin PBXNativeTarget section */
		5D3AD247221D5F8E0041A28E /* calculator */ = {
			isa = PBXNativeTarget;
			buildConfigurationList = 5D3AD270221D5F900041A28E /* Build configuration list for PBXNativeTarget "calculator" */;
			buildPhases = (
				5D3AD244221D5F8E0041A28E /* Sources */,
				5D3AD245221D5F8E0041A28E /* Frameworks */,
				5D3AD246221D5F8E0041A28E /* Resources */,
			);
			buildRules = (
			);
			dependencies = (
			);
			name = calculator;
			productName = calculator;
			productReference = 5D3AD248221D5F8E0041A28E /* calculator.app */;
			productType = "com.apple.product-type.application";
		};
		5D3AD25B221D5F900041A28E /* calculatorTests */ = {
			isa = PBXNativeTarget;
			buildConfigurationList = 5D3AD273221D5F900041A28E /* Build configuration list for PBXNativeTarget "calculatorTests" */;
			buildPhases = (
				5D3AD258221D5F900041A28E /* Sources */,
				5D3AD259221D5F900041A28E /* Frameworks */,
				5D3AD25A221D5F900041A28E /* Resources */,
			);
			buildRules = (
			);
			dependencies = (
				5D3AD25E221D5F900041A28E /* PBXTargetDependency */,
			);
			name = calculatorTests;
			productName = calculatorTests;
			productReference = 5D3AD25C221D5F900041A28E /* calculatorTests.xctest */;
			productType = "com.apple.product-type.bundle.unit-test";
		};
		5D3AD266221D5F900041A28E /* calculatorUITests */ = {
			isa = PBXNativeTarget;
			buildConfigurationList = 5D3AD276221D5F900041A28E /* Build configuration list for PBXNativeTarget "calculatorUITests" */;
			buildPhases = (
				5D3AD263221D5F900041A28E /* Sources */,
				5D3AD264221D5F900041A28E /* Frameworks */,
				5D3AD265221D5F900041A28E /* Resources */,
			);
			buildRules = (
			);
			dependencies = (
				5D3AD269221D5F900041A28E /* PBXTargetDependency */,
			);
			name = calculatorUITests;
			productName = calculatorUITests;
			productReference = 5D3AD267221D5F900041A28E /* calculatorUITests.xctest */;
			productType = "com.apple.product-type.bundle.ui-testing";
		};
/* End PBXNativeTarget section */

/* Begin PBXProject section */
		5D3AD240221D5F8E0041A28E /* Project object */ = {
			isa = PBXProject;
			attributes = {
				LastSwiftUpdateCheck = 1010;
				LastUpgradeCheck = 1010;
				ORGANIZATIONNAME = Masaki;
				TargetAttributes = {
					5D3AD247221D5F8E0041A28E = {
						CreatedOnToolsVersion = 10.1;
					};
					5D3AD25B221D5F900041A28E = {
						CreatedOnToolsVersion = 10.1;
						TestTargetID = 5D3AD247221D5F8E0041A28E;
					};
					5D3AD266221D5F900041A28E = {
						CreatedOnToolsVersion = 10.1;
						TestTargetID = 5D3AD247221D5F8E0041A28E;
					};
				};
			};
			buildConfigurationList = 5D3AD243221D5F8E0041A28E /* Build configuration list for PBXProject "calculator" */;
			compatibilityVersion = "Xcode 9.3";
			developmentRegion = en;
			hasScannedForEncodings = 0;
			knownRegions = (
				en,
				Base,
			);
			mainGroup = 5D3AD23F221D5F8E0041A28E;
			productRefGroup = 5D3AD249221D5F8E0041A28E /* Products */;
			projectDirPath = "";
			projectRoot = "";
			targets = (
				5D3AD247221D5F8E0041A28E /* calculator */,
				5D3AD25B221D5F900041A28E /* calculatorTests */,
				5D3AD266221D5F900041A28E /* calculatorUITests */,
			);
		};
/* End PBXProject section */

/* Begin PBXResourcesBuildPhase section */
		5D3AD246221D5F8E0041A28E /* Resources */ = {
			isa = PBXResourcesBuildPhase;
			buildActionMask = 2147483647;
			files = (
				5D3AD256221D5F8F0041A28E /* LaunchScreen.storyboard in Resources */,
				5D3AD253221D5F8F0041A28E /* Assets.xcassets in Resources */,
				5D3AD251221D5F8E0041A28E /* Main.storyboard in Resources */,
			);
			runOnlyForDeploymentPostprocessing = 0;
		};
		5D3AD25A221D5F900041A28E /* Resources */ = {
			isa = PBXResourcesBuildPhase;
			buildActionMask = 2147483647;
			files = (
			);
			runOnlyForDeploymentPostprocessing = 0;
		};
		5D3AD265221D5F900041A28E /* Resources */ = {
			isa = PBXResourcesBuildPhase;
			buildActionMask = 2147483647;
			files = (
			);
			runOnlyForDeploymentPostprocessing = 0;
		};
/* End PBXResourcesBuildPhase section */

/* Begin PBXSourcesBuildPhase section */
		5D3AD244221D5F8E0041A28E /* Sources */ = {
			isa = PBXSourcesBuildPhase;
			buildActionMask = 2147483647;
			files = (
				5D3AD24E221D5F8E0041A28E /* ViewController.swift in Sources */,
				5D3AD24C221D5F8E0041A28E /* AppDelegate.swift in Sources */,
			);
			runOnlyForDeploymentPostprocessing = 0;
		};
		5D3AD258221D5F900041A28E /* Sources */ = {
			isa = PBXSourcesBuildPhase;
			buildActionMask = 2147483647;
			files = (
				5D3AD261221D5F900041A28E /* calculatorTests.swift in Sources */,
			);
			runOnlyForDeploymentPostprocessing = 0;
		};
		5D3AD263221D5F900041A28E /* Sources */ = {
			isa = PBXSourcesBuildPhase;
			buildActionMask = 2147483647;
			files = (
				5D3AD26C221D5F900041A28E /* calculatorUITests.swift in Sources */,
			);
			runOnlyForDeploymentPostprocessing = 0;
		};
/* End PBXSourcesBuildPhase section */

/* Begin PBXTargetDependency section */
		5D3AD25E221D5F900041A28E /* PBXTargetDependency */ = {
			isa = PBXTargetDependency;
			target = 5D3AD247221D5F8E0041A28E /* calculator */;
			targetProxy = 5D3AD25D221D5F900041A28E /* PBXContainerItemProxy */;
		};
		5D3AD269221D5F900041A28E /* PBXTargetDependency */ = {
			isa = PBXTargetDependency;
			target = 5D3AD247221D5F8E0041A28E /* calculator */;
			targetProxy = 5D3AD268221D5F900041A28E /* PBXContainerItemProxy */;
		};
/* End PBXTargetDependency section */

/* Begin PBXVariantGroup section */
		5D3AD24F221D5F8E0041A28E /* Main.storyboard */ = {
			isa = PBXVariantGroup;
			children = (
				5D3AD250221D5F8E0041A28E /* Base */,
			);
			name = Main.storyboard;
			sourceTree = "<group>";
		};
		5D3AD254221D5F8F0041A28E /* LaunchScreen.storyboard */ = {
			isa = PBXVariantGroup;
			children = (
				5D3AD255221D5F8F0041A28E /* Base */,
			);
			name = LaunchScreen.storyboard;
			sourceTree = "<group>";
		};
/* End PBXVariantGroup section */

/* Begin XCBuildConfiguration section */
		5D3AD26E221D5F900041A28E /* Debug */ = {
			isa = XCBuildConfiguration;
			buildSettings = {
				ALWAYS_SEARCH_USER_PATHS = NO;
				CLANG_ANALYZER_NONNULL = YES;
				CLANG_ANALYZER_NUMBER_OBJECT_CONVERSION = YES_AGGRESSIVE;
				CLANG_CXX_LANGUAGE_STANDARD = "gnu++14";
				CLANG_CXX_LIBRARY = "libc++";
				CLANG_ENABLE_MODULES = YES;
				CLANG_ENABLE_OBJC_ARC = YES;
				CLANG_ENABLE_OBJC_WEAK = YES;
				CLANG_WARN_BLOCK_CAPTURE_AUTORELEASING = YES;
				CLANG_WARN_BOOL_CONVERSION = YES;
				CLANG_WARN_COMMA = YES;
				CLANG_WARN_CONSTANT_CONVERSION = YES;
				CLANG_WARN_DEPRECATED_OBJC_IMPLEMENTATIONS = YES;
				CLANG_WARN_DIRECT_OBJC_ISA_USAGE = YES_ERROR;
				CLANG_WARN_DOCUMENTATION_COMMENTS = YES;
				CLANG_WARN_EMPTY_BODY = YES;
				CLANG_WARN_ENUM_CONVERSION = YES;
				CLANG_WARN_INFINITE_RECURSION = YES;
				CLANG_WARN_INT_CONVERSION = YES;
				CLANG_WARN_NON_LITERAL_NULL_CONVERSION = YES;
				CLANG_WARN_OBJC_IMPLICIT_RETAIN_SELF = YES;
				CLANG_WARN_OBJC_LITERAL_CONVERSION = YES;
				CLANG_WARN_OBJC_ROOT_CLASS = YES_ERROR;
				CLANG_WARN_RANGE_LOOP_ANALYSIS = YES;
				CLANG_WARN_STRICT_PROTOTYPES = YES;
				CLANG_WARN_SUSPICIOUS_MOVE = YES;
				CLANG_WARN_UNGUARDED_AVAILABILITY = YES_AGGRESSIVE;
				CLANG_WARN_UNREACHABLE_CODE = YES;
				CLANG_WARN__DUPLICATE_METHOD_MATCH = YES;
				CODE_SIGN_IDENTITY = "iPhone Developer";
				COPY_PHASE_STRIP = NO;
				DEBUG_INFORMATION_FORMAT = dwarf;
				ENABLE_STRICT_OBJC_MSGSEND = YES;
				ENABLE_TESTABILITY = YES;
				GCC_C_LANGUAGE_STANDARD = gnu11;
				GCC_DYNAMIC_NO_PIC = NO;
				GCC_NO_COMMON_BLOCKS = YES;
				GCC_OPTIMIZATION_LEVEL = 0;
				GCC_PREPROCESSOR_DEFINITIONS = (
					"DEBUG=1",
					"$(inherited)",
				);
				GCC_WARN_64_TO_32_BIT_CONVERSION = YES;
				GCC_WARN_ABOUT_RETURN_TYPE = YES_ERROR;
				GCC_WARN_UNDECLARED_SELECTOR = YES;
				GCC_WARN_UNINITIALIZED_AUTOS = YES_AGGRESSIVE;
				GCC_WARN_UNUSED_FUNCTION = YES;
				GCC_WARN_UNUSED_VARIABLE = YES;
				IPHONEOS_DEPLOYMENT_TARGET = 12.1;
				MTL_ENABLE_DEBUG_INFO = INCLUDE_SOURCE;
				MTL_FAST_MATH = YES;
				ONLY_ACTIVE_ARCH = YES;
				SDKROOT = iphoneos;
				SWIFT_ACTIVE_COMPILATION_CONDITIONS = DEBUG;
				SWIFT_OPTIMIZATION_LEVEL = "-Onone";
			};
			name = Debug;
		};
		5D3AD26F221D5F900041A28E /* Release */ = {
			isa = XCBuildConfiguration;
			buildSettings = {
				ALWAYS_SEARCH_USER_PATHS = NO;
				CLANG_ANALYZER_NONNULL = YES;
				CLANG_ANALYZER_NUMBER_OBJECT_CONVERSION = YES_AGGRESSIVE;
				CLANG_CXX_LANGUAGE_STANDARD = "gnu++14";
				CLANG_CXX_LIBRARY = "libc++";
				CLANG_ENABLE_MODULES = YES;
				CLANG_ENABLE_OBJC_ARC = YES;
				CLANG_ENABLE_OBJC_WEAK = YES;
				CLANG_WARN_BLOCK_CAPTURE_AUTORELEASING = YES;
				CLANG_WARN_BOOL_CONVERSION = YES;
				CLANG_WARN_COMMA = YES;
				CLANG_WARN_CONSTANT_CONVERSION = YES;
				CLANG_WARN_DEPRECATED_OBJC_IMPLEMENTATIONS = YES;
				CLANG_WARN_DIRECT_OBJC_ISA_USAGE = YES_ERROR;
				CLANG_WARN_DOCUMENTATION_COMMENTS = YES;
				CLANG_WARN_EMPTY_BODY = YES;
				CLANG_WARN_ENUM_CONVERSION = YES;
				CLANG_WARN_INFINITE_RECURSION = YES;
				CLANG_WARN_INT_CONVERSION = YES;
				CLANG_WARN_NON_LITERAL_NULL_CONVERSION = YES;
				CLANG_WARN_OBJC_IMPLICIT_RETAIN_SELF = YES;
				CLANG_WARN_OBJC_LITERAL_CONVERSION = YES;
				CLANG_WARN_OBJC_ROOT_CLASS = YES_ERROR;
				CLANG_WARN_RANGE_LOOP_ANALYSIS = YES;
				CLANG_WARN_STRICT_PROTOTYPES = YES;
				CLANG_WARN_SUSPICIOUS_MOVE = YES;
				CLANG_WARN_UNGUARDED_AVAILABILITY = YES_AGGRESSIVE;
				CLANG_WARN_UNREACHABLE_CODE = YES;
				CLANG_WARN__DUPLICATE_METHOD_MATCH = YES;
				CODE_SIGN_IDENTITY = "iPhone Developer";
				COPY_PHASE_STRIP = NO;
				DEBUG_INFORMATION_FORMAT = "dwarf-with-dsym";
				ENABLE_NS_ASSERTIONS = NO;
				ENABLE_STRICT_OBJC_MSGSEND = YES;
				GCC_C_LANGUAGE_STANDARD = gnu11;
				GCC_NO_COMMON_BLOCKS = YES;
				GCC_WARN_64_TO_32_BIT_CONVERSION = YES;
				GCC_WARN_ABOUT_RETURN_TYPE = YES_ERROR;
				GCC_WARN_UNDECLARED_SELECTOR = YES;
				GCC_WARN_UNINITIALIZED_AUTOS = YES_AGGRESSIVE;
				GCC_WARN_UNUSED_FUNCTION = YES;
				GCC_WARN_UNUSED_VARIABLE = YES;
				IPHONEOS_DEPLOYMENT_TARGET = 12.1;
				MTL_ENABLE_DEBUG_INFO = NO;
				MTL_FAST_MATH = YES;
				SDKROOT = iphoneos;
				SWIFT_COMPILATION_MODE = wholemodule;
				SWIFT_OPTIMIZATION_LEVEL = "-O";
				VALIDATE_PRODUCT = YES;
			};
			name = Release;
		};
		5D3AD271221D5F900041A28E /* Debug */ = {
			isa = XCBuildConfiguration;
			buildSettings = {
				ASSETCATALOG_COMPILER_APPICON_NAME = AppIcon;
				CODE_SIGN_STYLE = Automatic;
				INFOPLIST_FILE = calculator/Info.plist;
				LD_RUNPATH_SEARCH_PATHS = (
					"$(inherited)",
					"@executable_path/Frameworks",
				);
				PRODUCT_BUNDLE_IDENTIFIER = com.masaki.calculator;
				PRODUCT_NAME = "$(TARGET_NAME)";
				SWIFT_VERSION = 4.2;
				TARGETED_DEVICE_FAMILY = "1,2";
			};
			name = Debug;
		};
		5D3AD272221D5F900041A28E /* Release */ = {
			isa = XCBuildConfiguration;
			buildSettings = {
				ASSETCATALOG_COMPILER_APPICON_NAME = AppIcon;
				CODE_SIGN_STYLE = Automatic;
				INFOPLIST_FILE = calculator/Info.plist;
				LD_RUNPATH_SEARCH_PATHS = (
					"$(inherited)",
					"@executable_path/Frameworks",
				);
				PRODUCT_BUNDLE_IDENTIFIER = com.masaki.calculator;
				PRODUCT_NAME = "$(TARGET_NAME)";
				SWIFT_VERSION = 4.2;
				TARGETED_DEVICE_FAMILY = "1,2";
			};
			name = Release;
		};
		5D3AD274221D5F900041A28E /* Debug */ = {
			isa = XCBuildConfiguration;
			buildSettings = {
				ALWAYS_EMBED_SWIFT_STANDARD_LIBRARIES = YES;
				BUNDLE_LOADER = "$(TEST_HOST)";
				CODE_SIGN_STYLE = Automatic;
				INFOPLIST_FILE = calculatorTests/Info.plist;
				LD_RUNPATH_SEARCH_PATHS = (
					"$(inherited)",
					"@executable_path/Frameworks",
					"@loader_path/Frameworks",
				);
				PRODUCT_BUNDLE_IDENTIFIER = com.masaki.calculatorTests;
				PRODUCT_NAME = "$(TARGET_NAME)";
				SWIFT_VERSION = 4.2;
				TARGETED_DEVICE_FAMILY = "1,2";
				TEST_HOST = "$(BUILT_PRODUCTS_DIR)/calculator.app/calculator";
			};
			name = Debug;
		};
		5D3AD275221D5F900041A28E /* Release */ = {
			isa = XCBuildConfiguration;
			buildSettings = {
				ALWAYS_EMBED_SWIFT_STANDARD_LIBRARIES = YES;
				BUNDLE_LOADER = "$(TEST_HOST)";
				CODE_SIGN_STYLE = Automatic;
				INFOPLIST_FILE = calculatorTests/Info.plist;
				LD_RUNPATH_SEARCH_PATHS = (
					"$(inherited)",
					"@executable_path/Frameworks",
					"@loader_path/Frameworks",
				);
				PRODUCT_BUNDLE_IDENTIFIER = com.masaki.calculatorTests;
				PRODUCT_NAME = "$(TARGET_NAME)";
				SWIFT_VERSION = 4.2;
				TARGETED_DEVICE_FAMILY = "1,2";
				TEST_HOST = "$(BUILT_PRODUCTS_DIR)/calculator.app/calculator";
			};
			name = Release;
		};
		5D3AD277221D5F900041A28E /* Debug */ = {
			isa = XCBuildConfiguration;
			buildSettings = {
				ALWAYS_EMBED_SWIFT_STANDARD_LIBRARIES = YES;
				CODE_SIGN_STYLE = Automatic;
				INFOPLIST_FILE = calculatorUITests/Info.plist;
				LD_RUNPATH_SEARCH_PATHS = (
					"$(inherited)",
					"@executable_path/Frameworks",
					"@loader_path/Frameworks",
				);
				PRODUCT_BUNDLE_IDENTIFIER = com.masaki.calculatorUITests;
				PRODUCT_NAME = "$(TARGET_NAME)";
				SWIFT_VERSION = 4.2;
				TARGETED_DEVICE_FAMILY = "1,2";
				TEST_TARGET_NAME = calculator;
			};
			name = Debug;
		};
		5D3AD278221D5F900041A28E /* Release */ = {
			isa = XCBuildConfiguration;
			buildSettings = {
				ALWAYS_EMBED_SWIFT_STANDARD_LIBRARIES = YES;
				CODE_SIGN_STYLE = Automatic;
				INFOPLIST_FILE = calculatorUITests/Info.plist;
				LD_RUNPATH_SEARCH_PATHS = (
					"$(inherited)",
					"@executable_path/Frameworks",
					"@loader_path/Frameworks",
				);
				PRODUCT_BUNDLE_IDENTIFIER = com.masaki.calculatorUITests;
				PRODUCT_NAME = "$(TARGET_NAME)";
				SWIFT_VERSION = 4.2;
				TARGETED_DEVICE_FAMILY = "1,2";
				TEST_TARGET_NAME = calculator;
			};
			name = Release;
		};
/* End XCBuildConfiguration section */

/* Begin XCConfigurationList section */
		5D3AD243221D5F8E0041A28E /* Build configuration list for PBXProject "calculator" */ = {
			isa = XCConfigurationList;
			buildConfigurations = (
				5D3AD26E221D5F900041A28E /* Debug */,
				5D3AD26F221D5F900041A28E /* Release */,
			);
			defaultConfigurationIsVisible = 0;
			defaultConfigurationName = Release;
		};
		5D3AD270221D5F900041A28E /* Build configuration list for PBXNativeTarget "calculator" */ = {
			isa = XCConfigurationList;
			buildConfigurations = (
				5D3AD271221D5F900041A28E /* Debug */,
				5D3AD272221D5F900041A28E /* Release */,
			);
			defaultConfigurationIsVisible = 0;
			defaultConfigurationName = Release;
		};
		5D3AD273221D5F900041A28E /* Build configuration list for PBXNativeTarget "calculatorTests" */ = {
			isa = XCConfigurationList;
			buildConfigurations = (
				5D3AD274221D5F900041A28E /* Debug */,
				5D3AD275221D5F900041A28E /* Release */,
			);
			defaultConfigurationIsVisible = 0;
			defaultConfigurationName = Release;
		};
		5D3AD276221D5F900041A28E /* Build configuration list for PBXNativeTarget "calculatorUITests" */ = {
			isa = XCConfigurationList;
			buildConfigurations = (
				5D3AD277221D5F900041A28E /* Debug */,
				5D3AD278221D5F900041A28E /* Release */,
			);
			defaultConfigurationIsVisible = 0;
			defaultConfigurationName = Release;
		};
/* End XCConfigurationList section */
	};
	rootObject = 5D3AD240221D5F8E0041A28E /* Project object */;
}
